
Microsoft Visual Studio Solution File, Format Version 12.00
# Visual Studio Version 17
VisualStudioVersion = 17.9.34728.123
MinimumVisualStudioVersion = 10.0.40219.1
Project("{9A19103F-16F7-4668-BE54-9A1E7A4F7556}") = "Bridge", "Bridge\Bridge.csproj", "{FA24A258-043D-4812-AE21-E7C3F5C48AEA}"
EndProject
Project("{9A19103F-16F7-4668-BE54-9A1E7A4F7556}") = "ObjectPool", "ObjectPool\ObjectPool.csproj", "{36B7FD2F-2B78-4F63-A4A9-637F9F31A0DC}"
EndProject
Project("{9A19103F-16F7-4668-BE54-9A1E7A4F7556}") = "Memento", "Memento\Memento.csproj", "{2FBBFD30-D7AA-402C-AF4F-5DF4D4483AAA}"
EndProject
Project("{9A19103F-16F7-4668-BE54-9A1E7A4F7556}") = "DoubleCheckedLocking", "DoubleCheckedLocking\DoubleCheckedLocking.csproj", "{2FE85C9C-7C1F-403C-A3C2-3E567EA7ECE4}"
EndProject
Global
	GlobalSection(SolutionConfigurationPlatforms) = preSolution
		Debug|Any CPU = Debug|Any CPU
		Release|Any CPU = Release|Any CPU
	EndGlobalSection
	GlobalSection(ProjectConfigurationPlatforms) = postSolution
		{FA24A258-043D-4812-AE21-E7C3F5C48AEA}.Debug|Any CPU.ActiveCfg = Debug|Any CPU
		{FA24A258-043D-4812-AE21-E7C3F5C48AEA}.Debug|Any CPU.Build.0 = Debug|Any CPU
		{FA24A258-043D-4812-AE21-E7C3F5C48AEA}.Release|Any CPU.ActiveCfg = Release|Any CPU
		{FA24A258-043D-4812-AE21-E7C3F5C48AEA}.Release|Any CPU.Build.0 = Release|Any CPU
		{36B7FD2F-2B78-4F63-A4A9-637F9F31A0DC}.Debug|Any CPU.ActiveCfg = Debug|Any CPU
		{36B7FD2F-2B78-4F63-A4A9-637F9F31A0DC}.Debug|Any CPU.Build.0 = Debug|Any CPU
		{36B7FD2F-2B78-4F63-A4A9-637F9F31A0DC}.Release|Any CPU.ActiveCfg = Release|Any CPU
		{36B7FD2F-2B78-4F63-A4A9-637F9F31A0DC}.Release|Any CPU.Build.0 = Release|Any CPU
		{2FBBFD30-D7AA-402C-AF4F-5DF4D4483AAA}.Debug|Any CPU.ActiveCfg = Debug|Any CPU
		{2FBBFD30-D7AA-402C-AF4F-5DF4D4483AAA}.Debug|Any CPU.Build.0 = Debug|Any CPU
		{2FBBFD30-D7AA-402C-AF4F-5DF4D4483AAA}.Release|Any CPU.ActiveCfg = Release|Any CPU
		{2FBBFD30-D7AA-402C-AF4F-5DF4D4483AAA}.Release|Any CPU.Build.0 = Release|Any CPU
		{2FE85C9C-7C1F-403C-A3C2-3E567EA7ECE4}.Debug|Any CPU.ActiveCfg = Debug|Any CPU
		{2FE85C9C-7C1F-403C-A3C2-3E567EA7ECE4}.Debug|Any CPU.Build.0 = Debug|Any CPU
		{2FE85C9C-7C1F-403C-A3C2-3E567EA7ECE4}.Release|Any CPU.ActiveCfg = Release|Any CPU
		{2FE85C9C-7C1F-403C-A3C2-3E567EA7ECE4}.Release|Any CPU.Build.0 = Release|Any CPU
	EndGlobalSection
	GlobalSection(SolutionProperties) = preSolution
		HideSolutionNode = FALSE
	EndGlobalSection
	GlobalSection(ExtensibilityGlobals) = postSolution
		SolutionGuid = {D45E216E-0250-478E-B665-EF7ED62EDB06}
	EndGlobalSection
EndGlobal
